Microsoft Visual Studio Solution File, Format Version 12.00
# Visual Studio Version 17
VisualStudioVersion = 17.5.2.0
MinimumVisualStudioVersion = 10.0.40219.1
Project("{FAE04EC0-301F-11D3-BF4B-00C04F79EFBC}") = "TimeManagementService", "TimeManagementService.csproj", "{13E36071-8943-F6A5-67DF-4E160481B741}"
EndProject
Global
	GlobalSection(SolutionConfigurationPlatforms) = preSolution
		Debug|Any CPU = Debug|Any CPU
		Release|Any CPU = Release|Any CPU
	EndGlobalSection
	GlobalSection(ProjectConfigurationPlatforms) = postSolution
		{13E36071-8943-F6A5-67DF-4E160481B741}.Debug|Any CPU.ActiveCfg = Debug|Any CPU
		{13E36071-8943-F6A5-67DF-4E160481B741}.Debug|Any CPU.Build.0 = Debug|Any CPU
		{13E36071-8943-F6A5-67DF-4E160481B741}.Release|Any CPU.ActiveCfg = Release|Any CPU
		{13E36071-8943-F6A5-67DF-4E160481B741}.Release|Any CPU.Build.0 = Release|Any CPU
	EndGlobalSection
	GlobalSection(SolutionProperties) = preSolution
		HideSolutionNode = FALSE
	EndGlobalSection
	GlobalSection(ExtensibilityGlobals) = postSolution
		SolutionGuid = {E5904F78-A69B-48F3-BDE1-7DF95732ACC8}
	EndGlobalSection
EndGlobal
